// !$*UTF8*$!
{
	archiveVersion = 1;
	classes = {
	};
	objectVersion = 46;
	objects = {

/* Begin PBXBuildFile section */
		605CB5D11D8A3CEC004040AA /* CustomInfiniteIndicator.swift in Sources */ = {isa = PBXBuildFile; fileRef = 605CB5D01D8A3CEC004040AA /* CustomInfiniteIndicator.swift */; };
		605CB5D31D8A5DA8004040AA /* Array+Generals.swift in Sources */ = {isa = PBXBuildFile; fileRef = 605CB5D21D8A5DA8004040AA /* Array+Generals.swift */; };
		60A5C9E91D88B77C00B4D3D7 /* AppDelegate.swift in Sources */ = {isa = PBXBuildFile; fileRef = 60A5C9E81D88B77C00B4D3D7 /* AppDelegate.swift */; };
		60A5C9EE1D88B77C00B4D3D7 /* Main.storyboard in Resources */ = {isa = PBXBuildFile; fileRef = 60A5C9EC1D88B77C00B4D3D7 /* Main.storyboard */; };
		60A5C9F01D88B77C00B4D3D7 /* Assets.xcassets in Resources */ = {isa = PBXBuildFile; fileRef = 60A5C9EF1D88B77C00B4D3D7 /* Assets.xcassets */; };
		60A5C9F31D88B77C00B4D3D7 /* LaunchScreen.storyboard in Resources */ = {isa = PBXBuildFile; fileRef = 60A5C9F11D88B77C00B4D3D7 /* LaunchScreen.storyboard */; };
		60A5C9FE1D88B77C00B4D3D7 /* animalsTests.swift in Sources */ = {isa = PBXBuildFile; fileRef = 60A5C9FD1D88B77C00B4D3D7 /* animalsTests.swift */; };
		60A5CA091D88B77C00B4D3D7 /* animalsUITests.swift in Sources */ = {isa = PBXBuildFile; fileRef = 60A5CA081D88B77C00B4D3D7 /* animalsUITests.swift */; };
		60A5CA1D1D88BF9100B4D3D7 /* MainViewController.swift in Sources */ = {isa = PBXBuildFile; fileRef = 60A5CA1C1D88BF9100B4D3D7 /* MainViewController.swift */; };
		60A5CA211D88BFEE00B4D3D7 /* RepositoryLocator.swift in Sources */ = {isa = PBXBuildFile; fileRef = 60A5CA201D88BFEE00B4D3D7 /* RepositoryLocator.swift */; };
		60A5CA241D88C14300B4D3D7 /* IAnimalRepository.swift in Sources */ = {isa = PBXBuildFile; fileRef = 60A5CA231D88C14300B4D3D7 /* IAnimalRepository.swift */; };
		60A5CA261D88C1B900B4D3D7 /* TestAnimalRepository.swift in Sources */ = {isa = PBXBuildFile; fileRef = 60A5CA251D88C1B900B4D3D7 /* TestAnimalRepository.swift */; };
		60A5CA281D88C49600B4D3D7 /* AnimalRepository.swift in Sources */ = {isa = PBXBuildFile; fileRef = 60A5CA271D88C49600B4D3D7 /* AnimalRepository.swift */; };
		60A5CA2B1D88CDFB00B4D3D7 /* Animal.swift in Sources */ = {isa = PBXBuildFile; fileRef = 60A5CA2A1D88CDFB00B4D3D7 /* Animal.swift */; };
		60A5CA2E1D88D60800B4D3D7 /* AnimalCell.xib in Resources */ = {isa = PBXBuildFile; fileRef = 60A5CA2D1D88D60800B4D3D7 /* AnimalCell.xib */; };
		60A5CA311D88D96F00B4D3D7 /* AnimalCell.swift in Sources */ = {isa = PBXBuildFile; fileRef = 60A5CA301D88D96F00B4D3D7 /* AnimalCell.swift */; };
		60A5CA341D88E03F00B4D3D7 /* Configurator.swift in Sources */ = {isa = PBXBuildFile; fileRef = 60A5CA331D88E03F00B4D3D7 /* Configurator.swift */; };
		60A5CA371D88E0B300B4D3D7 /* AnimalInteractor.swift in Sources */ = {isa = PBXBuildFile; fileRef = 60A5CA361D88E0B300B4D3D7 /* AnimalInteractor.swift */; };
		60A5CA3A1D88F3E800B4D3D7 /* AnimalDomain.swift in Sources */ = {isa = PBXBuildFile; fileRef = 60A5CA391D88F3E800B4D3D7 /* AnimalDomain.swift */; };
		60A5CA3D1D88F4B800B4D3D7 /* AnimalPresenter.swift in Sources */ = {isa = PBXBuildFile; fileRef = 60A5CA3C1D88F4B800B4D3D7 /* AnimalPresenter.swift */; };
		60A5CA401D897AE400B4D3D7 /* String+Generals.swift in Sources */ = {isa = PBXBuildFile; fileRef = 60A5CA3F1D897AE400B4D3D7 /* String+Generals.swift */; };
		BC3814E23DCEC196D1C3760A /* Pods_animals.framework in Frameworks */ = {isa = PBXBuildFile; fileRef = CC7C899EC1C3A226DE202E80 /* Pods_animals.framework */; };
/* End PBXBuildFile section */

/* Begin PBXContainerItemProxy section */
		60A5C9FA1D88B77C00B4D3D7 /* PBXContainerItemProxy */ = {
			isa = PBXContainerItemProxy;
			containerPortal = 60A5C9DD1D88B77C00B4D3D7 /* Project object */;
			proxyType = 1;
			remoteGlobalIDString = 60A5C9E41D88B77C00B4D3D7;
			remoteInfo = animals;
		};
		60A5CA051D88B77C00B4D3D7 /* PBXContainerItemProxy */ = {
			isa = PBXContainerItemProxy;
			containerPortal = 60A5C9DD1D88B77C00B4D3D7 /* Project object */;
			proxyType = 1;
			remoteGlobalIDString = 60A5C9E41D88B77C00B4D3D7;
			remoteInfo = animals;
		};
/* End PBXContainerItemProxy section */

/* Begin PBXFileReference section */
		2F0A515B1095C6A112BA0945 /* Pods-animals.debug.xcconfig */ = {isa = PBXFileReference; includeInIndex = 1; lastKnownFileType = text.xcconfig; name = "Pods-animals.debug.xcconfig"; path = "Pods/Target Support Files/Pods-animals/Pods-animals.debug.xcconfig"; sourceTree = "<group>"; };
		605CB5D01D8A3CEC004040AA /* CustomInfiniteIndicator.swift */ = {isa = PBXFileReference; fileEncoding = 4; lastKnownFileType = sourcecode.swift; name = CustomInfiniteIndicator.swift; path = Helpers/CustomInfiniteIndicator.swift; sourceTree = "<group>"; };
		605CB5D21D8A5DA8004040AA /* Array+Generals.swift */ = {isa = PBXFileReference; fileEncoding = 4; lastKnownFileType = sourcecode.swift; name = "Array+Generals.swift"; path = "Helpers/Array+Generals.swift"; sourceTree = "<group>"; };
		60A5C9E51D88B77C00B4D3D7 /* animals.app */ = {isa = PBXFileReference; explicitFileType = wrapper.application; includeInIndex = 0; path = animals.app; sourceTree = BUILT_PRODUCTS_DIR; };
		60A5C9E81D88B77C00B4D3D7 /* AppDelegate.swift */ = {isa = PBXFileReference; lastKnownFileType = sourcecode.swift; path = AppDelegate.swift; sourceTree = "<group>"; };
		60A5C9ED1D88B77C00B4D3D7 /* Base */ = {isa = PBXFileReference; lastKnownFileType = file.storyboard; name = Base; path = Base.lproj/Main.storyboard; sourceTree = "<group>"; };
		60A5C9EF1D88B77C00B4D3D7 /* Assets.xcassets */ = {isa = PBXFileReference; lastKnownFileType = folder.assetcatalog; path = Assets.xcassets; sourceTree = "<group>"; };
		60A5C9F21D88B77C00B4D3D7 /* Base */ = {isa = PBXFileReference; lastKnownFileType = file.storyboard; name = Base; path = Base.lproj/LaunchScreen.storyboard; sourceTree = "<group>"; };
		60A5C9F41D88B77C00B4D3D7 /* Info.plist */ = {isa = PBXFileReference; lastKnownFileType = text.plist.xml; path = Info.plist; sourceTree = "<group>"; };
		60A5C9F91D88B77C00B4D3D7 /* animalsTests.xctest */ = {isa = PBXFileReference; explicitFileType = wrapper.cfbundle; includeInIndex = 0; path = animalsTests.xctest; sourceTree = BUILT_PRODUCTS_DIR; };
		60A5C9FD1D88B77C00B4D3D7 /* animalsTests.swift */ = {isa = PBXFileReference; lastKnownFileType = sourcecode.swift; path = animalsTests.swift; sourceTree = "<group>"; };
		60A5C9FF1D88B77C00B4D3D7 /* Info.plist */ = {isa = PBXFileReference; lastKnownFileType = text.plist.xml; path = Info.plist; sourceTree = "<group>"; };
		60A5CA041D88B77C00B4D3D7 /* animalsUITests.xctest */ = {isa = PBXFileReference; explicitFileType = wrapper.cfbundle; includeInIndex = 0; path = animalsUITests.xctest; sourceTree = BUILT_PRODUCTS_DIR; };
		60A5CA081D88B77C00B4D3D7 /* animalsUITests.swift */ = {isa = PBXFileReference; lastKnownFileType = sourcecode.swift; path = animalsUITests.swift; sourceTree = "<group>"; };
		60A5CA0A1D88B77C00B4D3D7 /* Info.plist */ = {isa = PBXFileReference; lastKnownFileType = text.plist.xml; path = Info.plist; sourceTree = "<group>"; };
		60A5CA1C1D88BF9100B4D3D7 /* MainViewController.swift */ = {isa = PBXFileReference; fileEncoding = 4; lastKnownFileType = sourcecode.swift; name = MainViewController.swift; path = Controllers/MainViewController.swift; sourceTree = "<group>"; };
		60A5CA201D88BFEE00B4D3D7 /* RepositoryLocator.swift */ = {isa = PBXFileReference; fileEncoding = 4; lastKnownFileType = sourcecode.swift; name = RepositoryLocator.swift; path = Repositories/RepositoryLocator.swift; sourceTree = "<group>"; };
		60A5CA231D88C14300B4D3D7 /* IAnimalRepository.swift */ = {isa = PBXFileReference; fileEncoding = 4; lastKnownFileType = sourcecode.swift; name = IAnimalRepository.swift; path = Repositories/Protocols/IAnimalRepository.swift; sourceTree = "<group>"; };
		60A5CA251D88C1B900B4D3D7 /* TestAnimalRepository.swift */ = {isa = PBXFileReference; fileEncoding = 4; lastKnownFileType = sourcecode.swift; name = TestAnimalRepository.swift; path = Repositories/Test/TestAnimalRepository.swift; sourceTree = "<group>"; };
		60A5CA271D88C49600B4D3D7 /* AnimalRepository.swift */ = {isa = PBXFileReference; fileEncoding = 4; lastKnownFileType = sourcecode.swift; name = AnimalRepository.swift; path = Repositories/Production/AnimalRepository.swift; sourceTree = "<group>"; };
		60A5CA2A1D88CDFB00B4D3D7 /* Animal.swift */ = {isa = PBXFileReference; fileEncoding = 4; lastKnownFileType = sourcecode.swift; name = Animal.swift; path = Models/Animal.swift; sourceTree = "<group>"; };
		60A5CA2D1D88D60800B4D3D7 /* AnimalCell.xib */ = {isa = PBXFileReference; fileEncoding = 4; lastKnownFileType = file.xib; name = AnimalCell.xib; path = Base.lproj/Cells/AnimalCell.xib; sourceTree = "<group>"; };
		60A5CA301D88D96F00B4D3D7 /* AnimalCell.swift */ = {isa = PBXFileReference; fileEncoding = 4; lastKnownFileType = sourcecode.swift; name = AnimalCell.swift; path = Controllers/Cells/AnimalCell.swift; sourceTree = "<group>"; };
		60A5CA331D88E03F00B4D3D7 /* Configurator.swift */ = {isa = PBXFileReference; fileEncoding = 4; lastKnownFileType = sourcecode.swift; name = Configurator.swift; path = Domain/Configurator.swift; sourceTree = "<group>"; };
		60A5CA361D88E0B300B4D3D7 /* AnimalInteractor.swift */ = {isa = PBXFileReference; fileEncoding = 4; lastKnownFileType = sourcecode.swift; name = AnimalInteractor.swift; path = Domain/Interactors/AnimalInteractor.swift; sourceTree = "<group>"; };
		60A5CA391D88F3E800B4D3D7 /* AnimalDomain.swift */ = {isa = PBXFileReference; fileEncoding = 4; lastKnownFileType = sourcecode.swift; name = AnimalDomain.swift; path = Domain/DomainModels/AnimalDomain.swift; sourceTree = "<group>"; };
		60A5CA3C1D88F4B800B4D3D7 /* AnimalPresenter.swift */ = {isa = PBXFileReference; fileEncoding = 4; lastKnownFileType = sourcecode.swift; name = AnimalPresenter.swift; path = Presenters/AnimalPresenter.swift; sourceTree = "<group>"; };
		60A5CA3F1D897AE400B4D3D7 /* String+Generals.swift */ = {isa = PBXFileReference; fileEncoding = 4; lastKnownFileType = sourcecode.swift; name = "String+Generals.swift"; path = "Helpers/String+Generals.swift"; sourceTree = "<group>"; };
		761355AB5B776C0C0941E61C /* Pods-animals.release.xcconfig */ = {isa = PBXFileReference; includeInIndex = 1; lastKnownFileType = text.xcconfig; name = "Pods-animals.release.xcconfig"; path = "Pods/Target Support Files/Pods-animals/Pods-animals.release.xcconfig"; sourceTree = "<group>"; };
		CC7C899EC1C3A226DE202E80 /* Pods_animals.framework */ = {isa = PBXFileReference; explicitFileType = wrapper.framework; includeInIndex = 0; path = Pods_animals.framework; sourceTree = BUILT_PRODUCTS_DIR; };
/* End PBXFileReference section */

/* Begin PBXFrameworksBuildPhase section */
		60A5C9E21D88B77C00B4D3D7 /* Frameworks */ = {
			isa = PBXFrameworksBuildPhase;
			buildActionMask = 2147483647;
			files = (
				BC3814E23DCEC196D1C3760A /* Pods_animals.framework in Frameworks */,
			);
			runOnlyForDeploymentPostprocessing = 0;
		};
		60A5C9F61D88B77C00B4D3D7 /* Frameworks */ = {
			isa = PBXFrameworksBuildPhase;
			buildActionMask = 2147483647;
			files = (
			);
			runOnlyForDeploymentPostprocessing = 0;
		};
		60A5CA011D88B77C00B4D3D7 /* Frameworks */ = {
			isa = PBXFrameworksBuildPhase;
			buildActionMask = 2147483647;
			files = (
			);
			runOnlyForDeploymentPostprocessing = 0;
		};
/* End PBXFrameworksBuildPhase section */

/* Begin PBXGroup section */
		521BA7339D98A797700FAB42 /* Frameworks */ = {
			isa = PBXGroup;
			children = (
				CC7C899EC1C3A226DE202E80 /* Pods_animals.framework */,
			);
			name = Frameworks;
			sourceTree = "<group>";
		};
		60A5C9DC1D88B77C00B4D3D7 = {
			isa = PBXGroup;
			children = (
				60A5C9E71D88B77C00B4D3D7 /* animals */,
				60A5C9FC1D88B77C00B4D3D7 /* animalsTests */,
				60A5CA071D88B77C00B4D3D7 /* animalsUITests */,
				60A5C9E61D88B77C00B4D3D7 /* Products */,
				865B502879C8F0C8E2F1CD6B /* Pods */,
				521BA7339D98A797700FAB42 /* Frameworks */,
			);
			sourceTree = "<group>";
		};
		60A5C9E61D88B77C00B4D3D7 /* Products */ = {
			isa = PBXGroup;
			children = (
				60A5C9E51D88B77C00B4D3D7 /* animals.app */,
				60A5C9F91D88B77C00B4D3D7 /* animalsTests.xctest */,
				60A5CA041D88B77C00B4D3D7 /* animalsUITests.xctest */,
			);
			name = Products;
			sourceTree = "<group>";
		};
		60A5C9E71D88B77C00B4D3D7 /* animals */ = {
			isa = PBXGroup;
			children = (
				60A5CA171D88B8FD00B4D3D7 /* Views */,
				60A5CA181D88B93800B4D3D7 /* Controller */,
				60A5CA321D88DFC300B4D3D7 /* Domain */,
				60A5CA3B1D88F48A00B4D3D7 /* Presenters */,
				60A5CA1B1D88BF7400B4D3D7 /* Repositories */,
				60A5CA291D88CD8F00B4D3D7 /* Models */,
				60A5CA3E1D897AA100B4D3D7 /* Helpers */,
				60A5CA161D88B8E100B4D3D7 /* SupportFiles */,
			);
			path = animals;
			sourceTree = "<group>";
		};
		60A5C9FC1D88B77C00B4D3D7 /* animalsTests */ = {
			isa = PBXGroup;
			children = (
				60A5C9FD1D88B77C00B4D3D7 /* animalsTests.swift */,
				60A5C9FF1D88B77C00B4D3D7 /* Info.plist */,
			);
			path = animalsTests;
			sourceTree = "<group>";
		};
		60A5CA071D88B77C00B4D3D7 /* animalsUITests */ = {
			isa = PBXGroup;
			children = (
				60A5CA081D88B77C00B4D3D7 /* animalsUITests.swift */,
				60A5CA0A1D88B77C00B4D3D7 /* Info.plist */,
			);
			path = animalsUITests;
			sourceTree = "<group>";
		};
		60A5CA161D88B8E100B4D3D7 /* SupportFiles */ = {
			isa = PBXGroup;
			children = (
				60A5C9EF1D88B77C00B4D3D7 /* Assets.xcassets */,
				60A5C9E81D88B77C00B4D3D7 /* AppDelegate.swift */,
				60A5C9F41D88B77C00B4D3D7 /* Info.plist */,
			);
			name = SupportFiles;
			sourceTree = "<group>";
		};
		60A5CA171D88B8FD00B4D3D7 /* Views */ = {
			isa = PBXGroup;
			children = (
				60A5CA2C1D88D57E00B4D3D7 /* Cells */,
				60A5C9EC1D88B77C00B4D3D7 /* Main.storyboard */,
				60A5C9F11D88B77C00B4D3D7 /* LaunchScreen.storyboard */,
			);
			name = Views;
			sourceTree = "<group>";
		};
		60A5CA181D88B93800B4D3D7 /* Controller */ = {
			isa = PBXGroup;
			children = (
				60A5CA2F1D88D7BA00B4D3D7 /* Cells */,
				60A5CA1C1D88BF9100B4D3D7 /* MainViewController.swift */,
			);
			name = Controller;
			sourceTree = "<group>";
		};
		60A5CA1B1D88BF7400B4D3D7 /* Repositories */ = {
			isa = PBXGroup;
			children = (
				60A5CA221D88C0B000B4D3D7 /* Protocols */,
				60A5CA1F1D88BFAF00B4D3D7 /* Test */,
				60A5CA1E1D88BFA900B4D3D7 /* Production */,
				60A5CA201D88BFEE00B4D3D7 /* RepositoryLocator.swift */,
			);
			name = Repositories;
			sourceTree = "<group>";
		};
		60A5CA1E1D88BFA900B4D3D7 /* Production */ = {
			isa = PBXGroup;
			children = (
				60A5CA271D88C49600B4D3D7 /* AnimalRepository.swift */,
			);
			name = Production;
			sourceTree = "<group>";
		};
		60A5CA1F1D88BFAF00B4D3D7 /* Test */ = {
			isa = PBXGroup;
			children = (
				60A5CA251D88C1B900B4D3D7 /* TestAnimalRepository.swift */,
			);
			name = Test;
			sourceTree = "<group>";
		};
		60A5CA221D88C0B000B4D3D7 /* Protocols */ = {
			isa = PBXGroup;
			children = (
				60A5CA231D88C14300B4D3D7 /* IAnimalRepository.swift */,
			);
			name = Protocols;
			sourceTree = "<group>";
		};
		60A5CA291D88CD8F00B4D3D7 /* Models */ = {
			isa = PBXGroup;
			children = (
				60A5CA2A1D88CDFB00B4D3D7 /* Animal.swift */,
			);
			name = Models;
			sourceTree = "<group>";
		};
		60A5CA2C1D88D57E00B4D3D7 /* Cells */ = {
			isa = PBXGroup;
			children = (
				60A5CA2D1D88D60800B4D3D7 /* AnimalCell.xib */,
			);
			name = Cells;
			sourceTree = "<group>";
		};
		60A5CA2F1D88D7BA00B4D3D7 /* Cells */ = {
			isa = PBXGroup;
			children = (
				60A5CA301D88D96F00B4D3D7 /* AnimalCell.swift */,
			);
			name = Cells;
			sourceTree = "<group>";
		};
		60A5CA321D88DFC300B4D3D7 /* Domain */ = {
			isa = PBXGroup;
			children = (
				60A5CA381D88F3AE00B4D3D7 /* DomainModels */,
				60A5CA351D88E05C00B4D3D7 /* Interactors */,
				60A5CA331D88E03F00B4D3D7 /* Configurator.swift */,
			);
			name = Domain;
			sourceTree = "<group>";
		};
		60A5CA351D88E05C00B4D3D7 /* Interactors */ = {
			isa = PBXGroup;
			children = (
				60A5CA361D88E0B300B4D3D7 /* AnimalInteractor.swift */,
			);
			name = Interactors;
			sourceTree = "<group>";
		};
		60A5CA381D88F3AE00B4D3D7 /* DomainModels */ = {
			isa = PBXGroup;
			children = (
				60A5CA391D88F3E800B4D3D7 /* AnimalDomain.swift */,
			);
			name = DomainModels;
			sourceTree = "<group>";
		};
		60A5CA3B1D88F48A00B4D3D7 /* Presenters */ = {
			isa = PBXGroup;
			children = (
				60A5CA3C1D88F4B800B4D3D7 /* AnimalPresenter.swift */,
			);
			name = Presenters;
			sourceTree = "<group>";
		};
		60A5CA3E1D897AA100B4D3D7 /* Helpers */ = {
			isa = PBXGroup;
			children = (
				60A5CA3F1D897AE400B4D3D7 /* String+Generals.swift */,
				605CB5D01D8A3CEC004040AA /* CustomInfiniteIndicator.swift */,
				605CB5D21D8A5DA8004040AA /* Array+Generals.swift */,
			);
			name = Helpers;
			sourceTree = "<group>";
		};
		865B502879C8F0C8E2F1CD6B /* Pods */ = {
			isa = PBXGroup;
			children = (
				2F0A515B1095C6A112BA0945 /* Pods-animals.debug.xcconfig */,
				761355AB5B776C0C0941E61C /* Pods-animals.release.xcconfig */,
			);
			name = Pods;
			sourceTree = "<group>";
		};
/* End PBXGroup section */

/* Begin PBXNativeTarget section */
		60A5C9E41D88B77C00B4D3D7 /* animals */ = {
			isa = PBXNativeTarget;
			buildConfigurationList = 60A5CA0D1D88B77C00B4D3D7 /* Build configuration list for PBXNativeTarget "animals" */;
			buildPhases = (
				531C60651FA9286852C1451A /* [CP] Check Pods Manifest.lock */,
				60A5C9E11D88B77C00B4D3D7 /* Sources */,
				60A5C9E21D88B77C00B4D3D7 /* Frameworks */,
				60A5C9E31D88B77C00B4D3D7 /* Resources */,
				4BF7D37786FF27A3F2989964 /* [CP] Embed Pods Frameworks */,
				03F947A660228E8A285D8A3B /* [CP] Copy Pods Resources */,
			);
			buildRules = (
			);
			dependencies = (
			);
			name = animals;
			productName = animals;
			productReference = 60A5C9E51D88B77C00B4D3D7 /* animals.app */;
			productType = "com.apple.product-type.application";
		};
		60A5C9F81D88B77C00B4D3D7 /* animalsTests */ = {
			isa = PBXNativeTarget;
			buildConfigurationList = 60A5CA101D88B77C00B4D3D7 /* Build configuration list for PBXNativeTarget "animalsTests" */;
			buildPhases = (
				60A5C9F51D88B77C00B4D3D7 /* Sources */,
				60A5C9F61D88B77C00B4D3D7 /* Frameworks */,
				60A5C9F71D88B77C00B4D3D7 /* Resources */,
			);
			buildRules = (
			);
			dependencies = (
				60A5C9FB1D88B77C00B4D3D7 /* PBXTargetDependency */,
			);
			name = animalsTests;
			productName = animalsTests;
			productReference = 60A5C9F91D88B77C00B4D3D7 /* animalsTests.xctest */;
			productType = "com.apple.product-type.bundle.unit-test";
		};
		60A5CA031D88B77C00B4D3D7 /* animalsUITests */ = {
			isa = PBXNativeTarget;
			buildConfigurationList = 60A5CA131D88B77C00B4D3D7 /* Build configuration list for PBXNativeTarget "animalsUITests" */;
			buildPhases = (
				60A5CA001D88B77C00B4D3D7 /* Sources */,
				60A5CA011D88B77C00B4D3D7 /* Frameworks */,
				60A5CA021D88B77C00B4D3D7 /* Resources */,
			);
			buildRules = (
			);
			dependencies = (
				60A5CA061D88B77C00B4D3D7 /* PBXTargetDependency */,
			);
			name = animalsUITests;
			productName = animalsUITests;
			productReference = 60A5CA041D88B77C00B4D3D7 /* animalsUITests.xctest */;
			productType = "com.apple.product-type.bundle.ui-testing";
		};
/* End PBXNativeTarget section */

/* Begin PBXProject section */
		60A5C9DD1D88B77C00B4D3D7 /* Project object */ = {
			isa = PBXProject;
			attributes = {
				LastSwiftUpdateCheck = 0730;
				LastUpgradeCheck = 0730;
				ORGANIZATIONNAME = "Sergio Orozco ";
				TargetAttributes = {
					60A5C9E41D88B77C00B4D3D7 = {
						CreatedOnToolsVersion = 7.3.1;
					};
					60A5C9F81D88B77C00B4D3D7 = {
						CreatedOnToolsVersion = 7.3.1;
						TestTargetID = 60A5C9E41D88B77C00B4D3D7;
					};
					60A5CA031D88B77C00B4D3D7 = {
						CreatedOnToolsVersion = 7.3.1;
						TestTargetID = 60A5C9E41D88B77C00B4D3D7;
					};
				};
			};
			buildConfigurationList = 60A5C9E01D88B77C00B4D3D7 /* Build configuration list for PBXProject "animals" */;
			compatibilityVersion = "Xcode 3.2";
			developmentRegion = English;
			hasScannedForEncodings = 0;
			knownRegions = (
				en,
				Base,
			);
			mainGroup = 60A5C9DC1D88B77C00B4D3D7;
			productRefGroup = 60A5C9E61D88B77C00B4D3D7 /* Products */;
			projectDirPath = "";
			projectRoot = "";
			targets = (
				60A5C9E41D88B77C00B4D3D7 /* animals */,
				60A5C9F81D88B77C00B4D3D7 /* animalsTests */,
				60A5CA031D88B77C00B4D3D7 /* animalsUITests */,
			);
		};
/* End PBXProject section */

/* Begin PBXResourcesBuildPhase section */
		60A5C9E31D88B77C00B4D3D7 /* Resources */ = {
			isa = PBXResourcesBuildPhase;
			buildActionMask = 2147483647;
			files = (
				60A5C9F31D88B77C00B4D3D7 /* LaunchScreen.storyboard in Resources */,
				60A5CA2E1D88D60800B4D3D7 /* AnimalCell.xib in Resources */,
				60A5C9F01D88B77C00B4D3D7 /* Assets.xcassets in Resources */,
				60A5C9EE1D88B77C00B4D3D7 /* Main.storyboard in Resources */,
			);
			runOnlyForDeploymentPostprocessing = 0;
		};
		60A5C9F71D88B77C00B4D3D7 /* Resources */ = {
			isa = PBXResourcesBuildPhase;
			buildActionMask = 2147483647;
			files = (
			);
			runOnlyForDeploymentPostprocessing = 0;
		};
		60A5CA021D88B77C00B4D3D7 /* Resources */ = {
			isa = PBXResourcesBuildPhase;
			buildActionMask = 2147483647;
			files = (
			);
			runOnlyForDeploymentPostprocessing = 0;
		};
/* End PBXResourcesBuildPhase section */

/* Begin PBXShellScriptBuildPhase section */
		03F947A660228E8A285D8A3B /* [CP] Copy Pods Resources */ = {
			isa = PBXShellScriptBuildPhase;
			buildActionMask = 2147483647;
			files = (
			);
			inputPaths = (
			);
			name = "[CP] Copy Pods Resources";
			outputPaths = (
			);
			runOnlyForDeploymentPostprocessing = 0;
			shellPath = /bin/sh;
			shellScript = "\"${SRCROOT}/Pods/Target Support Files/Pods-animals/Pods-animals-resources.sh\"\n";
			showEnvVarsInLog = 0;
		};
		4BF7D37786FF27A3F2989964 /* [CP] Embed Pods Frameworks */ = {
			isa = PBXShellScriptBuildPhase;
			buildActionMask = 2147483647;
			files = (
			);
			inputPaths = (
			);
			name = "[CP] Embed Pods Frameworks";
			outputPaths = (
			);
			runOnlyForDeploymentPostprocessing = 0;
			shellPath = /bin/sh;
			shellScript = "\"${SRCROOT}/Pods/Target Support Files/Pods-animals/Pods-animals-frameworks.sh\"\n";
			showEnvVarsInLog = 0;
		};
		531C60651FA9286852C1451A /* [CP] Check Pods Manifest.lock */ = {
			isa = PBXShellScriptBuildPhase;
			buildActionMask = 2147483647;
			files = (
			);
			inputPaths = (
			);
			name = "[CP] Check Pods Manifest.lock";
			outputPaths = (
			);
			runOnlyForDeploymentPostprocessing = 0;
			shellPath = /bin/sh;
			shellScript = "diff \"${PODS_ROOT}/../Podfile.lock\" \"${PODS_ROOT}/Manifest.lock\" > /dev/null\nif [ $? != 0 ] ; then\n    # print error to STDERR\n    echo \"error: The sandbox is not in sync with the Podfile.lock. Run 'pod install' or update your CocoaPods installation.\" >&2\n    exit 1\nfi\n";
			showEnvVarsInLog = 0;
		};
/* End PBXShellScriptBuildPhase section */

/* Begin PBXSourcesBuildPhase section */
		60A5C9E11D88B77C00B4D3D7 /* Sources */ = {
			isa = PBXSourcesBuildPhase;
			buildActionMask = 2147483647;
			files = (
				60A5CA1D1D88BF9100B4D3D7 /* MainViewController.swift in Sources */,
				60A5CA341D88E03F00B4D3D7 /* Configurator.swift in Sources */,
				60A5CA241D88C14300B4D3D7 /* IAnimalRepository.swift in Sources */,
				60A5CA401D897AE400B4D3D7 /* String+Generals.swift in Sources */,
				60A5C9E91D88B77C00B4D3D7 /* AppDelegate.swift in Sources */,
				60A5CA261D88C1B900B4D3D7 /* TestAnimalRepository.swift in Sources */,
				60A5CA371D88E0B300B4D3D7 /* AnimalInteractor.swift in Sources */,
				60A5CA3D1D88F4B800B4D3D7 /* AnimalPresenter.swift in Sources */,
				60A5CA2B1D88CDFB00B4D3D7 /* Animal.swift in Sources */,
				60A5CA311D88D96F00B4D3D7 /* AnimalCell.swift in Sources */,
				605CB5D11D8A3CEC004040AA /* CustomInfiniteIndicator.swift in Sources */,
				605CB5D31D8A5DA8004040AA /* Array+Generals.swift in Sources */,
				60A5CA211D88BFEE00B4D3D7 /* RepositoryLocator.swift in Sources */,
				60A5CA3A1D88F3E800B4D3D7 /* AnimalDomain.swift in Sources */,
				60A5CA281D88C49600B4D3D7 /* AnimalRepository.swift in Sources */,
			);
			runOnlyForDeploymentPostprocessing = 0;
		};
		60A5C9F51D88B77C00B4D3D7 /* Sources */ = {
			isa = PBXSourcesBuildPhase;
			buildActionMask = 2147483647;
			files = (
				60A5C9FE1D88B77C00B4D3D7 /* animalsTests.swift in Sources */,
			);
			runOnlyForDeploymentPostprocessing = 0;
		};
		60A5CA001D88B77C00B4D3D7 /* Sources */ = {
			isa = PBXSourcesBuildPhase;
			buildActionMask = 2147483647;
			files = (
				60A5CA091D88B77C00B4D3D7 /* animalsUITests.swift in Sources */,
			);
			runOnlyForDeploymentPostprocessing = 0;
		};
/* End PBXSourcesBuildPhase section */

/* Begin PBXTargetDependency section */
		60A5C9FB1D88B77C00B4D3D7 /* PBXTargetDependency */ = {
			isa = PBXTargetDependency;
			target = 60A5C9E41D88B77C00B4D3D7 /* animals */;
			targetProxy = 60A5C9FA1D88B77C00B4D3D7 /* PBXContainerItemProxy */;
		};
		60A5CA061D88B77C00B4D3D7 /* PBXTargetDependency */ = {
			isa = PBXTargetDependency;
			target = 60A5C9E41D88B77C00B4D3D7 /* animals */;
			targetProxy = 60A5CA051D88B77C00B4D3D7 /* PBXContainerItemProxy */;
		};
/* End PBXTargetDependency section */

/* Begin PBXVariantGroup section */
		60A5C9EC1D88B77C00B4D3D7 /* Main.storyboard */ = {
			isa = PBXVariantGroup;
			children = (
				60A5C9ED1D88B77C00B4D3D7 /* Base */,
			);
			name = Main.storyboard;
			sourceTree = "<group>";
		};
		60A5C9F11D88B77C00B4D3D7 /* LaunchScreen.storyboard */ = {
			isa = PBXVariantGroup;
			children = (
				60A5C9F21D88B77C00B4D3D7 /* Base */,
			);
			name = LaunchScreen.storyboard;
			sourceTree = "<group>";
		};
/* End PBXVariantGroup section */

/* Begin XCBuildConfiguration section */
		60A5CA0B1D88B77C00B4D3D7 /* Debug */ = {
			isa = XCBuildConfiguration;
			buildSettings = {
				ALWAYS_SEARCH_USER_PATHS = NO;
				CLANG_ANALYZER_NONNULL = YES;
				CLANG_CXX_LANGUAGE_STANDARD = "gnu++0x";
				CLANG_CXX_LIBRARY = "libc++";
				CLANG_ENABLE_MODULES = YES;
				CLANG_ENABLE_OBJC_ARC = YES;
				CLANG_WARN_BOOL_CONVERSION = YES;
				CLANG_WARN_CONSTANT_CONVERSION = YES;
				CLANG_WARN_DIRECT_OBJC_ISA_USAGE = YES_ERROR;
				CLANG_WARN_EMPTY_BODY = YES;
				CLANG_WARN_ENUM_CONVERSION = YES;
				CLANG_WARN_INT_CONVERSION = YES;
				CLANG_WARN_OBJC_ROOT_CLASS = YES_ERROR;
				CLANG_WARN_UNREACHABLE_CODE = YES;
				CLANG_WARN__DUPLICATE_METHOD_MATCH = YES;
				"CODE_SIGN_IDENTITY[sdk=iphoneos*]" = "iPhone Developer";
				COPY_PHASE_STRIP = NO;
				DEBUG_INFORMATION_FORMAT = dwarf;
				ENABLE_STRICT_OBJC_MSGSEND = YES;
				ENABLE_TESTABILITY = YES;
				GCC_C_LANGUAGE_STANDARD = gnu99;
				GCC_DYNAMIC_NO_PIC = NO;
				GCC_NO_COMMON_BLOCKS = YES;
				GCC_OPTIMIZATION_LEVEL = 0;
				GCC_PREPROCESSOR_DEFINITIONS = (
					"DEBUG=1",
					"$(inherited)",
				);
				GCC_WARN_64_TO_32_BIT_CONVERSION = YES;
				GCC_WARN_ABOUT_RETURN_TYPE = YES_ERROR;
				GCC_WARN_UNDECLARED_SELECTOR = YES;
				GCC_WARN_UNINITIALIZED_AUTOS = YES_AGGRESSIVE;
				GCC_WARN_UNUSED_FUNCTION = YES;
				GCC_WARN_UNUSED_VARIABLE = YES;
				IPHONEOS_DEPLOYMENT_TARGET = 9.3;
				MTL_ENABLE_DEBUG_INFO = YES;
				ONLY_ACTIVE_ARCH = YES;
				SDKROOT = iphoneos;
				SWIFT_OPTIMIZATION_LEVEL = "-Onone";
				TARGETED_DEVICE_FAMILY = "1,2";
			};
			name = Debug;
		};
		60A5CA0C1D88B77C00B4D3D7 /* Release */ = {
			isa = XCBuildConfiguration;
			buildSettings = {
				ALWAYS_SEARCH_USER_PATHS = NO;
				CLANG_ANALYZER_NONNULL = YES;
				CLANG_CXX_LANGUAGE_STANDARD = "gnu++0x";
				CLANG_CXX_LIBRARY = "libc++";
				CLANG_ENABLE_MODULES = YES;
				CLANG_ENABLE_OBJC_ARC = YES;
				CLANG_WARN_BOOL_CONVERSION = YES;
				CLANG_WARN_CONSTANT_CONVERSION = YES;
				CLANG_WARN_DIRECT_OBJC_ISA_USAGE = YES_ERROR;
				CLANG_WARN_EMPTY_BODY = YES;
				CLANG_WARN_ENUM_CONVERSION = YES;
				CLANG_WARN_INT_CONVERSION = YES;
				CLANG_WARN_OBJC_ROOT_CLASS = YES_ERROR;
				CLANG_WARN_UNREACHABLE_CODE = YES;
				CLANG_WARN__DUPLICATE_METHOD_MATCH = YES;
				"CODE_SIGN_IDENTITY[sdk=iphoneos*]" = "iPhone Developer";
				COPY_PHASE_STRIP = NO;
				DEBUG_INFORMATION_FORMAT = "dwarf-with-dsym";
				ENABLE_NS_ASSERTIONS = NO;
				ENABLE_STRICT_OBJC_MSGSEND = YES;
				GCC_C_LANGUAGE_STANDARD = gnu99;
				GCC_NO_COMMON_BLOCKS = YES;
				GCC_WARN_64_TO_32_BIT_CONVERSION = YES;
				GCC_WARN_ABOUT_RETURN_TYPE = YES_ERROR;
				GCC_WARN_UNDECLARED_SELECTOR = YES;
				GCC_WARN_UNINITIALIZED_AUTOS = YES_AGGRESSIVE;
				GCC_WARN_UNUSED_FUNCTION = YES;
				GCC_WARN_UNUSED_VARIABLE = YES;
				IPHONEOS_DEPLOYMENT_TARGET = 9.3;
				MTL_ENABLE_DEBUG_INFO = NO;
				SDKROOT = iphoneos;
				TARGETED_DEVICE_FAMILY = "1,2";
				VALIDATE_PRODUCT = YES;
			};
			name = Release;
		};
		60A5CA0E1D88B77C00B4D3D7 /* Debug */ = {
			isa = XCBuildConfiguration;
			baseConfigurationReference = 2F0A515B1095C6A112BA0945 /* Pods-animals.debug.xcconfig */;
			buildSettings = {
				ASSETCATALOG_COMPILER_APPICON_NAME = AppIcon;
				INFOPLIST_FILE = animals/Info.plist;
				LD_RUNPATH_SEARCH_PATHS = "$(inherited) @executable_path/Frameworks";
				PRODUCT_BUNDLE_IDENTIFIER = com.sergio.animals;
				PRODUCT_NAME = "$(TARGET_NAME)";
			};
			name = Debug;
		};
		60A5CA0F1D88B77C00B4D3D7 /* Release */ = {
			isa = XCBuildConfiguration;
			baseConfigurationReference = 761355AB5B776C0C0941E61C /* Pods-animals.release.xcconfig */;
			buildSettings = {
				ASSETCATALOG_COMPILER_APPICON_NAME = AppIcon;
				INFOPLIST_FILE = animals/Info.plist;
				LD_RUNPATH_SEARCH_PATHS = "$(inherited) @executable_path/Frameworks";
				PRODUCT_BUNDLE_IDENTIFIER = com.sergio.animals;
				PRODUCT_NAME = "$(TARGET_NAME)";
			};
			name = Release;
		};
		60A5CA111D88B77C00B4D3D7 /* Debug */ = {
			isa = XCBuildConfiguration;
			buildSettings = {
				BUNDLE_LOADER = "$(TEST_HOST)";
				INFOPLIST_FILE = animalsTests/Info.plist;
				LD_RUNPATH_SEARCH_PATHS = "$(inherited) @executable_path/Frameworks @loader_path/Frameworks";
				PRODUCT_BUNDLE_IDENTIFIER = com.sergio.animalsTests;
				PRODUCT_NAME = "$(TARGET_NAME)";
				TEST_HOST = "$(BUILT_PRODUCTS_DIR)/animals.app/animals";
			};
			name = Debug;
		};
		60A5CA121D88B77C00B4D3D7 /* Release */ = {
			isa = XCBuildConfiguration;
			buildSettings = {
				BUNDLE_LOADER = "$(TEST_HOST)";
				INFOPLIST_FILE = animalsTests/Info.plist;
				LD_RUNPATH_SEARCH_PATHS = "$(inherited) @executable_path/Frameworks @loader_path/Frameworks";
				PRODUCT_BUNDLE_IDENTIFIER = com.sergio.animalsTests;
				PRODUCT_NAME = "$(TARGET_NAME)";
				TEST_HOST = "$(BUILT_PRODUCTS_DIR)/animals.app/animals";
			};
			name = Release;
		};
		60A5CA141D88B77C00B4D3D7 /* Debug */ = {
			isa = XCBuildConfiguration;
			buildSettings = {
				INFOPLIST_FILE = animalsUITests/Info.plist;
				LD_RUNPATH_SEARCH_PATHS = "$(inherited) @executable_path/Frameworks @loader_path/Frameworks";
				PRODUCT_BUNDLE_IDENTIFIER = com.sergio.animalsUITests;
				PRODUCT_NAME = "$(TARGET_NAME)";
				TEST_TARGET_NAME = animals;
			};
			name = Debug;
		};
		60A5CA151D88B77C00B4D3D7 /* Release */ = {
			isa = XCBuildConfiguration;
			buildSettings = {
				INFOPLIST_FILE = animalsUITests/Info.plist;
				LD_RUNPATH_SEARCH_PATHS = "$(inherited) @executable_path/Frameworks @loader_path/Frameworks";
				PRODUCT_BUNDLE_IDENTIFIER = com.sergio.animalsUITests;
				PRODUCT_NAME = "$(TARGET_NAME)";
				TEST_TARGET_NAME = animals;
			};
			name = Release;
		};
/* End XCBuildConfiguration section */

/* Begin XCConfigurationList section */
		60A5C9E01D88B77C00B4D3D7 /* Build configuration list for PBXProject "animals" */ = {
			isa = XCConfigurationList;
			buildConfigurations = (
				60A5CA0B1D88B77C00B4D3D7 /* Debug */,
				60A5CA0C1D88B77C00B4D3D7 /* Release */,
			);
			defaultConfigurationIsVisible = 0;
			defaultConfigurationName = Release;
		};
		60A5CA0D1D88B77C00B4D3D7 /* Build configuration list for PBXNativeTarget "animals" */ = {
			isa = XCConfigurationList;
			buildConfigurations = (
				60A5CA0E1D88B77C00B4D3D7 /* Debug */,
				60A5CA0F1D88B77C00B4D3D7 /* Release */,
			);
			defaultConfigurationIsVisible = 0;
			defaultConfigurationName = Release;
		};
		60A5CA101D88B77C00B4D3D7 /* Build configuration list for PBXNativeTarget "animalsTests" */ = {
			isa = XCConfigurationList;
			buildConfigurations = (
				60A5CA111D88B77C00B4D3D7 /* Debug */,
				60A5CA121D88B77C00B4D3D7 /* Release */,
			);
			defaultConfigurationIsVisible = 0;
			defaultConfigurationName = Release;
		};
		60A5CA131D88B77C00B4D3D7 /* Build configuration list for PBXNativeTarget "animalsUITests" */ = {
			isa = XCConfigurationList;
			buildConfigurations = (
				60A5CA141D88B77C00B4D3D7 /* Debug */,
				60A5CA151D88B77C00B4D3D7 /* Release */,
			);
			defaultConfigurationIsVisible = 0;
			defaultConfigurationName = Release;
		};
/* End XCConfigurationList section */
	};
	rootObject = 60A5C9DD1D88B77C00B4D3D7 /* Project object */;
}
